
Microsoft Visual Studio Solution File, Format Version 12.00
# Visual Studio Version 17
VisualStudioVersion = 17.0.31717.71
MinimumVisualStudioVersion = 10.0.40219.1
Project("{FAE04EC0-301F-11D3-BF4B-00C04F79EFBC}") = "WorkerServiceExample", "WorkerServiceExample\WorkerServiceExample.csproj", "{C0B15F54-D441-470A-B82B-025D34542691}"
EndProject
Global
	GlobalSection(SolutionConfigurationPlatforms) = preSolution
		Debug|Any CPU = Debug|Any CPU
		Release|Any CPU = Release|Any CPU
	EndGlobalSection
	GlobalSection(ProjectConfigurationPlatforms) = postSolution
		{C0B15F54-D441-470A-B82B-025D34542691}.Debug|Any CPU.ActiveCfg = Debug|Any CPU
		{C0B15F54-D441-470A-B82B-025D34542691}.Debug|Any CPU.Build.0 = Debug|Any CPU
		{C0B15F54-D441-470A-B82B-025D34542691}.Release|Any CPU.ActiveCfg = Release|Any CPU
		{C0B15F54-D441-470A-B82B-025D34542691}.Release|Any CPU.Build.0 = Release|Any CPU
	EndGlobalSection
	GlobalSection(SolutionProperties) = preSolution
		HideSolutionNode = FALSE
	EndGlobalSection
	GlobalSection(ExtensibilityGlobals) = postSolution
		SolutionGuid = {3246363E-C4B8-40DB-B57B-56A740E41CC0}
	EndGlobalSection
EndGlobal
